
Microsoft Visual Studio Solution File, Format Version 12.00
# Visual Studio Version 16
VisualStudioVersion = 16.0.34902.97
MinimumVisualStudioVersion = 10.0.40219.1
Project("{8BC9CEB8-8B4A-11D0-8D11-00A0C91BC942}") = "sortDemo", "sortDemo\sortDemo.vcxproj", "{AEB04400-1163-4945-950F-DDC69F7DA628}"
EndProject
Project("{8BC9CEB8-8B4A-11D0-8D11-00A0C91BC942}") = "searchDemo", "..\searchDemo\searchDemo.vcxproj", "{F0D38A7A-C19D-4425-B2EA-72B702919CE7}"
EndProject
Global
	GlobalSection(SolutionConfigurationPlatforms) = preSolution
		Debug|x64 = Debug|x64
		Debug|x86 = Debug|x86
		Release|x64 = Release|x64
		Release|x86 = Release|x86
	EndGlobalSection
	GlobalSection(ProjectConfigurationPlatforms) = postSolution
		{AEB04400-1163-4945-950F-DDC69F7DA628}.Debug|x64.ActiveCfg = Debug|x64
		{AEB04400-1163-4945-950F-DDC69F7DA628}.Debug|x64.Build.0 = Debug|x64
		{AEB04400-1163-4945-950F-DDC69F7DA628}.Debug|x86.ActiveCfg = Debug|Win32
		{AEB04400-1163-4945-950F-DDC69F7DA628}.Debug|x86.Build.0 = Debug|Win32
		{AEB04400-1163-4945-950F-DDC69F7DA628}.Release|x64.ActiveCfg = Release|x64
		{AEB04400-1163-4945-950F-DDC69F7DA628}.Release|x64.Build.0 = Release|x64
		{AEB04400-1163-4945-950F-DDC69F7DA628}.Release|x86.ActiveCfg = Release|Win32
		{AEB04400-1163-4945-950F-DDC69F7DA628}.Release|x86.Build.0 = Release|Win32
		{F0D38A7A-C19D-4425-B2EA-72B702919CE7}.Debug|x64.ActiveCfg = Debug|x64
		{F0D38A7A-C19D-4425-B2EA-72B702919CE7}.Debug|x64.Build.0 = Debug|x64
		{F0D38A7A-C19D-4425-B2EA-72B702919CE7}.Debug|x86.ActiveCfg = Debug|Win32
		{F0D38A7A-C19D-4425-B2EA-72B702919CE7}.Debug|x86.Build.0 = Debug|Win32
		{F0D38A7A-C19D-4425-B2EA-72B702919CE7}.Release|x64.ActiveCfg = Release|x64
		{F0D38A7A-C19D-4425-B2EA-72B702919CE7}.Release|x64.Build.0 = Release|x64
		{F0D38A7A-C19D-4425-B2EA-72B702919CE7}.Release|x86.ActiveCfg = Release|Win32
		{F0D38A7A-C19D-4425-B2EA-72B702919CE7}.Release|x86.Build.0 = Release|Win32
	EndGlobalSection
	GlobalSection(SolutionProperties) = preSolution
		HideSolutionNode = FALSE
	EndGlobalSection
	GlobalSection(ExtensibilityGlobals) = postSolution
		SolutionGuid = {BA5AAB1B-9219-44A9-A445-B6FB9B74F9EF}
	EndGlobalSection
EndGlobal
